{
  "requires": true,
  "lockfileVersion": 1,
  "dependencies": {
    "jquery-validation-unobtrusive-bootstrap": {
      "version": "2.2.0",
      "resolved": "https://registry.npmjs.org/jquery-validation-unobtrusive-bootstrap/-/jquery-validation-unobtrusive-bootstrap-2.2.0.tgz",
      "integrity": "sha512-T/b9oS4zuVNpnIeXOqZUCaZWNxne+9qQrpj1RRkFQ0wBbE6V/6CGbCANxy/KNOC31IDqekVYDEUwfbRzDpPL9Q=="
    }
  }
}
